<?xml version="1.0" encoding="utf-8"?>
<Project ToolsVersion="17.0" xmlns="http://schemas.microsoft.com/developer/msbuild/2003">
  <ItemGroup>
    <ClCompile Include="D:\ProjetsGIT\RTTI\RTTI\RTTI_defs.cpp">
      <Filter>RTTI\source files\RTTI</Filter>
    </ClCompile>
    <ClCompile Include="D:\ProjetsGIT\RTTI\unit_tests\Tests_RTTI.cpp">
      <Filter>source files</Filter>
    </ClCompile>
    <ClCompile Include="D:\ProjetsGIT\RTTI\unit_tests\rtti_res.cpp">
      <Filter>source files</Filter>
    </ClCompile>
  </ItemGroup>
  <ItemGroup>
    <ClInclude Include="D:\ProjetsGIT\RTTI\RTTI\ProtocolExtension.h">
      <Filter>RTTI\header files\RTTI</Filter>
    </ClInclude>
    <ClInclude Include="D:\ProjetsGIT\RTTI\RTTI\RTTI_defs.h">
      <Filter>RTTI\header files\RTTI</Filter>
    </ClInclude>
    <ClInclude Include="D:\ProjetsGIT\RTTI\RTTI\RTTI_macros.h">
      <Filter>RTTI\header files\RTTI</Filter>
    </ClInclude>
    <ClInclude Include="D:\ProjetsGIT\RTTI\unit_tests\rtti_res.h">
      <Filter>header files</Filter>
    </ClInclude>
  </ItemGroup>
  <ItemGroup>
    <CustomBuild Include="D:\ProjetsGIT\RTTI\unit_tests\CMakeLists.txt" />
  </ItemGroup>
  <ItemGroup>
    <Filter Include="RTTI">
      <UniqueIdentifier>{9105DCB4-7364-3BC6-ABF6-C1171536BD0D}</UniqueIdentifier>
    </Filter>
    <Filter Include="RTTI\header files">
      <UniqueIdentifier>{F9E801EE-D4AE-3F13-ABF7-0A923B7A7C35}</UniqueIdentifier>
    </Filter>
    <Filter Include="RTTI\header files\RTTI">
      <UniqueIdentifier>{FB0BCCBC-ED3E-3B5D-9768-272AB306E170}</UniqueIdentifier>
    </Filter>
    <Filter Include="RTTI\source files">
      <UniqueIdentifier>{9936CC1E-64BF-3D85-A5AB-B20DDDA86364}</UniqueIdentifier>
    </Filter>
    <Filter Include="RTTI\source files\RTTI">
      <UniqueIdentifier>{5DB86C18-7FC0-3BC2-9213-CA78508E9AD1}</UniqueIdentifier>
    </Filter>
    <Filter Include="header files">
      <UniqueIdentifier>{467FDAFB-24FD-3F56-BD97-1378C96D481F}</UniqueIdentifier>
    </Filter>
    <Filter Include="source files">
      <UniqueIdentifier>{62B00943-3037-3F51-958A-91A0F967F122}</UniqueIdentifier>
    </Filter>
  </ItemGroup>
</Project>
